{
  "requires": true,
  "lockfileVersion": 1,
  "dependencies": {
    "@popperjs/core": {
      "version": "2.10.2",
      "resolved": "https://registry.npmmirror.com/@popperjs/core/download/@popperjs/core-2.10.2.tgz?cache=0&sync_timestamp=1633004655705&other_urls=https%3A%2F%2Fregistry.npmmirror.com%2F%40popperjs%2Fcore%2Fdownload%2F%40popperjs%2Fcore-2.10.2.tgz",
      "integrity": "sha1-B5jAM1Hw3qGlpMq93yalWny+5ZA="
    },
    "@vueuse/core": {
      "version": "6.1.0",
      "resolved": "https://registry.npmmirror.com/@vueuse/core/download/@vueuse/core-6.1.0.tgz",
      "integrity": "sha1-gTfCkc9JsRwt7aTVB5CW5Vs2/Cg=",
      "requires": {
        "@vueuse/shared": "6.1.0",
        "vue-demi": "*"
      }
    },
    "@vueuse/shared": {
      "version": "6.1.0",
      "resolved": "https://registry.npmmirror.com/@vueuse/shared/download/@vueuse/shared-6.1.0.tgz",
      "integrity": "sha1-E3X9Qazv5S+aGELzxqijSHhlNbo=",
      "requires": {
        "vue-demi": "*"
      }
    },
    "async-validator": {
      "version": "4.0.3",
      "resolved": "https://registry.nlark.com/async-validator/download/async-validator-4.0.3.tgz",
      "integrity": "sha1-yOzWso/I4YsUvk7HxwRkH5mdN30="
    },
    "dayjs": {
      "version": "1.10.7",
      "resolved": "https://registry.nlark.com/dayjs/download/dayjs-1.10.7.tgz",
      "integrity": "sha1-LPX5Gt0oEWdIRAhmoKHSbzps5Gg="
    },
    "element-plus": {
      "version": "1.1.0-beta.19",
      "resolved": "https://registry.npmmirror.com/element-plus/download/element-plus-1.1.0-beta.19.tgz?cache=0&sync_timestamp=1633004735734&other_urls=https%3A%2F%2Fregistry.npmmirror.com%2Felement-plus%2Fdownload%2Felement-plus-1.1.0-beta.19.tgz",
      "integrity": "sha1-I087w/HYIqcQIEXn7hI5tnXyesw=",
      "requires": {
        "@popperjs/core": "^2.10.1",
        "@vueuse/core": "~6.1.0",
        "async-validator": "^4.0.3",
        "dayjs": "^1.10.7",
        "lodash": "^4.17.21",
        "memoize-one": "^5.2.1",
        "normalize-wheel-es": "^1.1.0",
        "resize-observer-polyfill": "^1.5.1"
      }
    },
    "lodash": {
      "version": "4.17.21",
      "resolved": "https://registry.nlark.com/lodash/download/lodash-4.17.21.tgz?cache=0&sync_timestamp=1618910518249&other_urls=https%3A%2F%2Fregistry.nlark.com%2Flodash%2Fdownload%2Flodash-4.17.21.tgz",
      "integrity": "sha1-Z5WRxWTDv/quhFTPCz3zcMPWkRw="
    },
    "memoize-one": {
      "version": "5.2.1",
      "resolved": "https://registry.nlark.com/memoize-one/download/memoize-one-5.2.1.tgz",
      "integrity": "sha1-gzeqPEM1WBg57AHD1ZQJDOvo8A4="
    },
    "normalize-wheel-es": {
      "version": "1.1.0",
      "resolved": "https://registry.npmmirror.com/normalize-wheel-es/download/normalize-wheel-es-1.1.0.tgz",
      "integrity": "sha1-2wF68d1dTGIiwHrji8IkBJ0lhh4="
    },
    "resize-observer-polyfill": {
      "version": "1.5.1",
      "resolved": "https://registry.nlark.com/resize-observer-polyfill/download/resize-observer-polyfill-1.5.1.tgz?cache=0&sync_timestamp=1618847256390&other_urls=https%3A%2F%2Fregistry.nlark.com%2Fresize-observer-polyfill%2Fdownload%2Fresize-observer-polyfill-1.5.1.tgz",
      "integrity": "sha1-DpAg3T0hAkRY1OvSfiPkAmmBBGQ="
    },
    "vue-demi": {
      "version": "0.11.4",
      "resolved": "https://registry.nlark.com/vue-demi/download/vue-demi-0.11.4.tgz",
      "integrity": "sha1-YQGZL+RyTPVjQBihbpU/MFLpTio="
    }
  }
}
